Microsoft Visual Studio Solution File, Format Version 12.00
# Visual Studio Version 17
VisualStudioVersion = 17.5.2.0
MinimumVisualStudioVersion = 10.0.40219.1
Project("{FAE04EC0-301F-11D3-BF4B-00C04F79EFBC}") = "register-shareholder", "register-shareholder.csproj", "{FB38FA71-386D-CBEA-9CF5-FCF287C1B7F8}"
EndProject
Global
	GlobalSection(SolutionConfigurationPlatforms) = preSolution
		Debug|Any CPU = Debug|Any CPU
		Release|Any CPU = Release|Any CPU
	EndGlobalSection
	GlobalSection(ProjectConfigurationPlatforms) = postSolution
		{FB38FA71-386D-CBEA-9CF5-FCF287C1B7F8}.Debug|Any CPU.ActiveCfg = Debug|Any CPU
		{FB38FA71-386D-CBEA-9CF5-FCF287C1B7F8}.Debug|Any CPU.Build.0 = Debug|Any CPU
		{FB38FA71-386D-CBEA-9CF5-FCF287C1B7F8}.Release|Any CPU.ActiveCfg = Release|Any CPU
		{FB38FA71-386D-CBEA-9CF5-FCF287C1B7F8}.Release|Any CPU.Build.0 = Release|Any CPU
	EndGlobalSection
	GlobalSection(SolutionProperties) = preSolution
		HideSolutionNode = FALSE
	EndGlobalSection
	GlobalSection(ExtensibilityGlobals) = postSolution
		SolutionGuid = {633AF1B1-035A-430D-BDB9-3ACA7E4484BC}
	EndGlobalSection
EndGlobal
